// !$*UTF8*$!
{
	archiveVersion = 1;
	classes = {
	};
	objectVersion = 46;
	objects = {

/* Begin PBXBuildFile section */
		F9BB83201D9CB7B20021F2DA /* AppDelegate.swift in Sources */ = {isa = PBXBuildFile; fileRef = F9BB831F1D9CB7B20021F2DA /* AppDelegate.swift */; };
		F9BB83221D9CB7B20021F2DA /* ViewController.swift in Sources */ = {isa = PBXBuildFile; fileRef = F9BB83211D9CB7B20021F2DA /* ViewController.swift */; };
		F9BB83251D9CB7B20021F2DA /* Main.storyboard in Resources */ = {isa = PBXBuildFile; fileRef = F9BB83231D9CB7B20021F2DA /* Main.storyboard */; };
		F9BB83271D9CB7B20021F2DA /* Assets.xcassets in Resources */ = {isa = PBXBuildFile; fileRef = F9BB83261D9CB7B20021F2DA /* Assets.xcassets */; };
		F9BB832A1D9CB7B20021F2DA /* LaunchScreen.storyboard in Resources */ = {isa = PBXBuildFile; fileRef = F9BB83281D9CB7B20021F2DA /* LaunchScreen.storyboard */; };
/* End PBXBuildFile section */

/* Begin PBXFileReference section */
		F9BB831C1D9CB7B20021F2DA /* swifty-words.app */ = {isa = PBXFileReference; explicitFileType = wrapper.application; includeInIndex = 0; path = "swifty-words.app"; sourceTree = BUILT_PRODUCTS_DIR; };
		F9BB831F1D9CB7B20021F2DA /* AppDelegate.swift */ = {isa = PBXFileReference; lastKnownFileType = sourcecode.swift; path = AppDelegate.swift; sourceTree = "<group>"; };
		F9BB83211D9CB7B20021F2DA /* ViewController.swift */ = {isa = PBXFileReference; lastKnownFileType = sourcecode.swift; path = ViewController.swift; sourceTree = "<group>"; };
		F9BB83241D9CB7B20021F2DA /* Base */ = {isa = PBXFileReference; lastKnownFileType = file.storyboard; name = Base; path = Base.lproj/Main.storyboard; sourceTree = "<group>"; };
		F9BB83261D9CB7B20021F2DA /* Assets.xcassets */ = {isa = PBXFileReference; lastKnownFileType = folder.assetcatalog; path = Assets.xcassets; sourceTree = "<group>"; };
		F9BB83291D9CB7B20021F2DA /* Base */ = {isa = PBXFileReference; lastKnownFileType = file.storyboard; name = Base; path = Base.lproj/LaunchScreen.storyboard; sourceTree = "<group>"; };
		F9BB832B1D9CB7B20021F2DA /* Info.plist */ = {isa = PBXFileReference; lastKnownFileType = text.plist.xml; path = Info.plist; sourceTree = "<group>"; };
/* End PBXFileReference section */

/* Begin PBXFrameworksBuildPhase section */
		F9BB83191D9CB7B20021F2DA /* Frameworks */ = {
			isa = PBXFrameworksBuildPhase;
			buildActionMask = 2147483647;
			files = (
			);
			runOnlyForDeploymentPostprocessing = 0;
		};
/* End PBXFrameworksBuildPhase section */

/* Begin PBXGroup section */
		F9BB83131D9CB7B20021F2DA = {
			isa = PBXGroup;
			children = (
				F9BB831E1D9CB7B20021F2DA /* swifty-words */,
				F9BB831D1D9CB7B20021F2DA /* Products */,
			);
			sourceTree = "<group>";
		};
		F9BB831D1D9CB7B20021F2DA /* Products */ = {
			isa = PBXGroup;
			children = (
				F9BB831C1D9CB7B20021F2DA /* swifty-words.app */,
			);
			name = Products;
			sourceTree = "<group>";
		};
		F9BB831E1D9CB7B20021F2DA /* swifty-words */ = {
			isa = PBXGroup;
			children = (
				F9BB831F1D9CB7B20021F2DA /* AppDelegate.swift */,
				F9BB83211D9CB7B20021F2DA /* ViewController.swift */,
				F9BB83231D9CB7B20021F2DA /* Main.storyboard */,
				F9BB83261D9CB7B20021F2DA /* Assets.xcassets */,
				F9BB83281D9CB7B20021F2DA /* LaunchScreen.storyboard */,
				F9BB832B1D9CB7B20021F2DA /* Info.plist */,
			);
			path = "swifty-words";
			sourceTree = "<group>";
		};
/* End PBXGroup section */

/* Begin PBXNativeTarget section */
		F9BB831B1D9CB7B20021F2DA /* swifty-words */ = {
			isa = PBXNativeTarget;
			buildConfigurationList = F9BB832E1D9CB7B20021F2DA /* Build configuration list for PBXNativeTarget "swifty-words" */;
			buildPhases = (
				F9BB83181D9CB7B20021F2DA /* Sources */,
				F9BB83191D9CB7B20021F2DA /* Frameworks */,
				F9BB831A1D9CB7B20021F2DA /* Resources */,
			);
			buildRules = (
			);
			dependencies = (
			);
			name = "swifty-words";
			productName = "swifty-words";
			productReference = F9BB831C1D9CB7B20021F2DA /* swifty-words.app */;
			productType = "com.apple.product-type.application";
		};
/* End PBXNativeTarget section */

/* Begin PBXProject section */
		F9BB83141D9CB7B20021F2DA /* Project object */ = {
			isa = PBXProject;
			attributes = {
				LastSwiftUpdateCheck = 0810;
				LastUpgradeCheck = 0810;
				ORGANIZATIONNAME = "Adam Goth";
				TargetAttributes = {
					F9BB831B1D9CB7B20021F2DA = {
						CreatedOnToolsVersion = 8.1;
						ProvisioningStyle = Automatic;
					};
				};
			};
			buildConfigurationList = F9BB83171D9CB7B20021F2DA /* Build configuration list for PBXProject "swifty-words" */;
			compatibilityVersion = "Xcode 3.2";
			developmentRegion = English;
			hasScannedForEncodings = 0;
			knownRegions = (
				en,
				Base,
			);
			mainGroup = F9BB83131D9CB7B20021F2DA;
			productRefGroup = F9BB831D1D9CB7B20021F2DA /* Products */;
			projectDirPath = "";
			projectRoot = "";
			targets = (
				F9BB831B1D9CB7B20021F2DA /* swifty-words */,
			);
		};
/* End PBXProject section */

/* Begin PBXResourcesBuildPhase section */
		F9BB831A1D9CB7B20021F2DA /* Resources */ = {
			isa = PBXResourcesBuildPhase;
			buildActionMask = 2147483647;
			files = (
				F9BB832A1D9CB7B20021F2DA /* LaunchScreen.storyboard in Resources */,
				F9BB83271D9CB7B20021F2DA /* Assets.xcassets in Resources */,
				F9BB83251D9CB7B20021F2DA /* Main.storyboard in Resources */,
			);
			runOnlyForDeploymentPostprocessing = 0;
		};
/* End PBXResourcesBuildPhase section */

/* Begin PBXSourcesBuildPhase section */
		F9BB83181D9CB7B20021F2DA /* Sources */ = {
			isa = PBXSourcesBuildPhase;
			buildActionMask = 2147483647;
			files = (
				F9BB83221D9CB7B20021F2DA /* ViewController.swift in Sources */,
				F9BB83201D9CB7B20021F2DA /* AppDelegate.swift in Sources */,
			);
			runOnlyForDeploymentPostprocessing = 0;
		};
/* End PBXSourcesBuildPhase section */

/* Begin PBXVariantGroup section */
		F9BB83231D9CB7B20021F2DA /* Main.storyboard */ = {
			isa = PBXVariantGroup;
			children = (
				F9BB83241D9CB7B20021F2DA /* Base */,
			);
			name = Main.storyboard;
			sourceTree = "<group>";
		};
		F9BB83281D9CB7B20021F2DA /* LaunchScreen.storyboard */ = {
			isa = PBXVariantGroup;
			children = (
				F9BB83291D9CB7B20021F2DA /* Base */,
			);
			name = LaunchScreen.storyboard;
			sourceTree = "<group>";
		};
/* End PBXVariantGroup section */

/* Begin XCBuildConfiguration section */
		F9BB832C1D9CB7B20021F2DA /* Debug */ = {
			isa = XCBuildConfiguration;
			buildSettings = {
				ALWAYS_SEARCH_USER_PATHS = NO;
				CLANG_ANALYZER_NONNULL = YES;
				CLANG_CXX_LANGUAGE_STANDARD = "gnu++0x";
				CLANG_CXX_LIBRARY = "libc++";
				CLANG_ENABLE_MODULES = YES;
				CLANG_ENABLE_OBJC_ARC = YES;
				CLANG_WARN_BOOL_CONVERSION = YES;
				CLANG_WARN_CONSTANT_CONVERSION = YES;
				CLANG_WARN_DIRECT_OBJC_ISA_USAGE = YES_ERROR;
				CLANG_WARN_DOCUMENTATION_COMMENTS = YES;
				CLANG_WARN_EMPTY_BODY = YES;
				CLANG_WARN_ENUM_CONVERSION = YES;
				CLANG_WARN_INFINITE_RECURSION = YES;
				CLANG_WARN_INT_CONVERSION = YES;
				CLANG_WARN_OBJC_ROOT_CLASS = YES_ERROR;
				CLANG_WARN_SUSPICIOUS_MOVES = YES;
				CLANG_WARN_UNREACHABLE_CODE = YES;
				CLANG_WARN__DUPLICATE_METHOD_MATCH = YES;
				"CODE_SIGN_IDENTITY[sdk=iphoneos*]" = "iPhone Developer";
				COPY_PHASE_STRIP = NO;
				DEBUG_INFORMATION_FORMAT = dwarf;
				ENABLE_STRICT_OBJC_MSGSEND = YES;
				ENABLE_TESTABILITY = YES;
				GCC_C_LANGUAGE_STANDARD = gnu99;
				GCC_DYNAMIC_NO_PIC = NO;
				GCC_NO_COMMON_BLOCKS = YES;
				GCC_OPTIMIZATION_LEVEL = 0;
				GCC_PREPROCESSOR_DEFINITIONS = (
					"DEBUG=1",
					"$(inherited)",
				);
				GCC_WARN_64_TO_32_BIT_CONVERSION = YES;
				GCC_WARN_ABOUT_RETURN_TYPE = YES_ERROR;
				GCC_WARN_UNDECLARED_SELECTOR = YES;
				GCC_WARN_UNINITIALIZED_AUTOS = YES_AGGRESSIVE;
				GCC_WARN_UNUSED_FUNCTION = YES;
				GCC_WARN_UNUSED_VARIABLE = YES;
				IPHONEOS_DEPLOYMENT_TARGET = 10.1;
				MTL_ENABLE_DEBUG_INFO = YES;
				ONLY_ACTIVE_ARCH = YES;
				SDKROOT = iphoneos;
				SWIFT_ACTIVE_COMPILATION_CONDITIONS = DEBUG;
				SWIFT_OPTIMIZATION_LEVEL = "-Onone";
				TARGETED_DEVICE_FAMILY = 2;
			};
			name = Debug;
		};
		F9BB832D1D9CB7B20021F2DA /* Release */ = {
			isa = XCBuildConfiguration;
			buildSettings = {
				ALWAYS_SEARCH_USER_PATHS = NO;
				CLANG_ANALYZER_NONNULL = YES;
				CLANG_CXX_LANGUAGE_STANDARD = "gnu++0x";
				CLANG_CXX_LIBRARY = "libc++";
				CLANG_ENABLE_MODULES = YES;
				CLANG_ENABLE_OBJC_ARC = YES;
				CLANG_WARN_BOOL_CONVERSION = YES;
				CLANG_WARN_CONSTANT_CONVERSION = YES;
				CLANG_WARN_DIRECT_OBJC_ISA_USAGE = YES_ERROR;
				CLANG_WARN_DOCUMENTATION_COMMENTS = YES;
				CLANG_WARN_EMPTY_BODY = YES;
				CLANG_WARN_ENUM_CONVERSION = YES;
				CLANG_WARN_INFINITE_RECURSION = YES;
				CLANG_WARN_INT_CONVERSION = YES;
				CLANG_WARN_OBJC_ROOT_CLASS = YES_ERROR;
				CLANG_WARN_SUSPICIOUS_MOVES = YES;
				CLANG_WARN_UNREACHABLE_CODE = YES;
				CLANG_WARN__DUPLICATE_METHOD_MATCH = YES;
				"CODE_SIGN_IDENTITY[sdk=iphoneos*]" = "iPhone Developer";
				COPY_PHASE_STRIP = NO;
				DEBUG_INFORMATION_FORMAT = "dwarf-with-dsym";
				ENABLE_NS_ASSERTIONS = NO;
				ENABLE_STRICT_OBJC_MSGSEND = YES;
				GCC_C_LANGUAGE_STANDARD = gnu99;
				GCC_NO_COMMON_BLOCKS = YES;
				GCC_WARN_64_TO_32_BIT_CONVERSION = YES;
				GCC_WARN_ABOUT_RETURN_TYPE = YES_ERROR;
				GCC_WARN_UNDECLARED_SELECTOR = YES;
				GCC_WARN_UNINITIALIZED_AUTOS = YES_AGGRESSIVE;
				GCC_WARN_UNUSED_FUNCTION = YES;
				GCC_WARN_UNUSED_VARIABLE = YES;
				IPHONEOS_DEPLOYMENT_TARGET = 10.1;
				MTL_ENABLE_DEBUG_INFO = NO;
				SDKROOT = iphoneos;
				SWIFT_OPTIMIZATION_LEVEL = "-Owholemodule";
				TARGETED_DEVICE_FAMILY = 2;
				VALIDATE_PRODUCT = YES;
			};
			name = Release;
		};
		F9BB832F1D9CB7B20021F2DA /* Debug */ = {
			isa = XCBuildConfiguration;
			buildSettings = {
				ASSETCATALOG_COMPILER_APPICON_NAME = AppIcon;
				INFOPLIST_FILE = "swifty-words/Info.plist";
				LD_RUNPATH_SEARCH_PATHS = "$(inherited) @executable_path/Frameworks";
				PRODUCT_BUNDLE_IDENTIFIER = "com.adamgoth.swifty-words";
				PRODUCT_NAME = "$(TARGET_NAME)";
				SWIFT_VERSION = 3.0;
			};
			name = Debug;
		};
		F9BB83301D9CB7B20021F2DA /* Release */ = {
			isa = XCBuildConfiguration;
			buildSettings = {
				ASSETCATALOG_COMPILER_APPICON_NAME = AppIcon;
				INFOPLIST_FILE = "swifty-words/Info.plist";
				LD_RUNPATH_SEARCH_PATHS = "$(inherited) @executable_path/Frameworks";
				PRODUCT_BUNDLE_IDENTIFIER = "com.adamgoth.swifty-words";
				PRODUCT_NAME = "$(TARGET_NAME)";
				SWIFT_VERSION = 3.0;
			};
			name = Release;
		};
/* End XCBuildConfiguration section */

/* Begin XCConfigurationList section */
		F9BB83171D9CB7B20021F2DA /* Build configuration list for PBXProject "swifty-words" */ = {
			isa = XCConfigurationList;
			buildConfigurations = (
				F9BB832C1D9CB7B20021F2DA /* Debug */,
				F9BB832D1D9CB7B20021F2DA /* Release */,
			);
			defaultConfigurationIsVisible = 0;
			defaultConfigurationName = Release;
		};
		F9BB832E1D9CB7B20021F2DA /* Build configuration list for PBXNativeTarget "swifty-words" */ = {
			isa = XCConfigurationList;
			buildConfigurations = (
				F9BB832F1D9CB7B20021F2DA /* Debug */,
				F9BB83301D9CB7B20021F2DA /* Release */,
			);
			defaultConfigurationIsVisible = 0;
		};
/* End XCConfigurationList section */
	};
	rootObject = F9BB83141D9CB7B20021F2DA /* Project object */;
}
